
Microsoft Visual Studio Solution File, Format Version 12.00
# Visual Studio Version 17
VisualStudioVersion = 17.3.32819.101
MinimumVisualStudioVersion = 10.0.40219.1
Project("{9A19103F-16F7-4668-BE54-9A1E7A4F7556}") = "CinemaApp", "CinemaApp\CinemaApp.csproj", "{F9610798-B8AC-4A22-8D18-CA6A0F244797}"
EndProject
Project("{9A19103F-16F7-4668-BE54-9A1E7A4F7556}") = "CinemaApp.Models", "CinemaApp.Models\CinemaApp.Models.csproj", "{379578C1-0862-47EB-857D-B08131B05B13}"
EndProject
Project("{9A19103F-16F7-4668-BE54-9A1E7A4F7556}") = "CinemaApp.Repository", "CinemaApp.Repository\CinemaApp.Repository.csproj", "{2F91870F-578E-40C8-A5F9-CED3B9522F05}"
EndProject
Project("{9A19103F-16F7-4668-BE54-9A1E7A4F7556}") = "CinemaApp.Logic", "CinemaApp.Logic\CinemaApp.Logic.csproj", "{B22F2AE2-F3E3-4BDE-9274-50232409411D}"
EndProject
Project("{FAE04EC0-301F-11D3-BF4B-00C04F79EFBC}") = "CinemaApp.Endpoint", "CinemaApp.Endpoint\CinemaApp.Endpoint.csproj", "{C25B1DA3-11E0-48FF-A7FA-702EB2115EC1}"
EndProject
Global
	GlobalSection(SolutionConfigurationPlatforms) = preSolution
		Debug|Any CPU = Debug|Any CPU
		Release|Any CPU = Release|Any CPU
	EndGlobalSection
	GlobalSection(ProjectConfigurationPlatforms) = postSolution
		{F9610798-B8AC-4A22-8D18-CA6A0F244797}.Debug|Any CPU.ActiveCfg = Debug|Any CPU
		{F9610798-B8AC-4A22-8D18-CA6A0F244797}.Debug|Any CPU.Build.0 = Debug|Any CPU
		{F9610798-B8AC-4A22-8D18-CA6A0F244797}.Release|Any CPU.ActiveCfg = Release|Any CPU
		{F9610798-B8AC-4A22-8D18-CA6A0F244797}.Release|Any CPU.Build.0 = Release|Any CPU
		{379578C1-0862-47EB-857D-B08131B05B13}.Debug|Any CPU.ActiveCfg = Debug|Any CPU
		{379578C1-0862-47EB-857D-B08131B05B13}.Debug|Any CPU.Build.0 = Debug|Any CPU
		{379578C1-0862-47EB-857D-B08131B05B13}.Release|Any CPU.ActiveCfg = Release|Any CPU
		{379578C1-0862-47EB-857D-B08131B05B13}.Release|Any CPU.Build.0 = Release|Any CPU
		{2F91870F-578E-40C8-A5F9-CED3B9522F05}.Debug|Any CPU.ActiveCfg = Debug|Any CPU
		{2F91870F-578E-40C8-A5F9-CED3B9522F05}.Debug|Any CPU.Build.0 = Debug|Any CPU
		{2F91870F-578E-40C8-A5F9-CED3B9522F05}.Release|Any CPU.ActiveCfg = Release|Any CPU
		{2F91870F-578E-40C8-A5F9-CED3B9522F05}.Release|Any CPU.Build.0 = Release|Any CPU
		{B22F2AE2-F3E3-4BDE-9274-50232409411D}.Debug|Any CPU.ActiveCfg = Debug|Any CPU
		{B22F2AE2-F3E3-4BDE-9274-50232409411D}.Debug|Any CPU.Build.0 = Debug|Any CPU
		{B22F2AE2-F3E3-4BDE-9274-50232409411D}.Release|Any CPU.ActiveCfg = Release|Any CPU
		{B22F2AE2-F3E3-4BDE-9274-50232409411D}.Release|Any CPU.Build.0 = Release|Any CPU
		{C25B1DA3-11E0-48FF-A7FA-702EB2115EC1}.Debug|Any CPU.ActiveCfg = Debug|Any CPU
		{C25B1DA3-11E0-48FF-A7FA-702EB2115EC1}.Debug|Any CPU.Build.0 = Debug|Any CPU
		{C25B1DA3-11E0-48FF-A7FA-702EB2115EC1}.Release|Any CPU.ActiveCfg = Release|Any CPU
		{C25B1DA3-11E0-48FF-A7FA-702EB2115EC1}.Release|Any CPU.Build.0 = Release|Any CPU
	EndGlobalSection
	GlobalSection(SolutionProperties) = preSolution
		HideSolutionNode = FALSE
	EndGlobalSection
	GlobalSection(ExtensibilityGlobals) = postSolution
		SolutionGuid = {1339A6A2-67FB-4123-A2D5-1CAE40F01A57}
	EndGlobalSection
EndGlobal
